
Microsoft Visual Studio Solution File, Format Version 12.00
# Visual Studio 15
VisualStudioVersion = 15.0.28307.757
MinimumVisualStudioVersion = 10.0.40219.1
Project("{FAE04EC0-301F-11D3-BF4B-00C04F79EFBC}") = "Senai.InLock.WebApi", "Senai.InLock.WebApi\Senai.InLock.WebApi.csproj", "{FD708F67-1CE5-408C-A467-895951D18BF7}"
EndProject
Global
	GlobalSection(SolutionConfigurationPlatforms) = preSolution
		Debug|Any CPU = Debug|Any CPU
		Release|Any CPU = Release|Any CPU
	EndGlobalSection
	GlobalSection(ProjectConfigurationPlatforms) = postSolution
		{FD708F67-1CE5-408C-A467-895951D18BF7}.Debug|Any CPU.ActiveCfg = Debug|Any CPU
		{FD708F67-1CE5-408C-A467-895951D18BF7}.Debug|Any CPU.Build.0 = Debug|Any CPU
		{FD708F67-1CE5-408C-A467-895951D18BF7}.Release|Any CPU.ActiveCfg = Release|Any CPU
		{FD708F67-1CE5-408C-A467-895951D18BF7}.Release|Any CPU.Build.0 = Release|Any CPU
	EndGlobalSection
	GlobalSection(SolutionProperties) = preSolution
		HideSolutionNode = FALSE
	EndGlobalSection
	GlobalSection(ExtensibilityGlobals) = postSolution
		SolutionGuid = {ECE72D09-F753-401B-838E-8E7057AA527C}
	EndGlobalSection
EndGlobal
