
Microsoft Visual Studio Solution File, Format Version 12.00
# Visual Studio 15
VisualStudioVersion = 15.0.28307.757
MinimumVisualStudioVersion = 10.0.40219.1
Project("{FAE04EC0-301F-11D3-BF4B-00C04F79EFBC}") = "Senai.Filmes.WebAPI", "Senai.Filmes.WebAPI\Senai.Filmes.WebAPI.csproj", "{AD2CD15D-4930-4255-9E01-6C697ED7DF4C}"
EndProject
Global
	GlobalSection(SolutionConfigurationPlatforms) = preSolution
		Debug|Any CPU = Debug|Any CPU
		Release|Any CPU = Release|Any CPU
	EndGlobalSection
	GlobalSection(ProjectConfigurationPlatforms) = postSolution
		{AD2CD15D-4930-4255-9E01-6C697ED7DF4C}.Debug|Any CPU.ActiveCfg = Debug|Any CPU
		{AD2CD15D-4930-4255-9E01-6C697ED7DF4C}.Debug|Any CPU.Build.0 = Debug|Any CPU
		{AD2CD15D-4930-4255-9E01-6C697ED7DF4C}.Release|Any CPU.ActiveCfg = Release|Any CPU
		{AD2CD15D-4930-4255-9E01-6C697ED7DF4C}.Release|Any CPU.Build.0 = Release|Any CPU
	EndGlobalSection
	GlobalSection(SolutionProperties) = preSolution
		HideSolutionNode = FALSE
	EndGlobalSection
	GlobalSection(ExtensibilityGlobals) = postSolution
		SolutionGuid = {DB4B37FD-9571-463E-A274-CADA26713B29}
	EndGlobalSection
EndGlobal
