
Microsoft Visual Studio Solution File, Format Version 12.00
# Visual Studio 15
VisualStudioVersion = 15.0.28307.757
MinimumVisualStudioVersion = 10.0.40219.1
Project("{FAE04EC0-301F-11D3-BF4B-00C04F79EFBC}") = "Senai.Sstop.WebApi", "Senai.Sstop.WebApi\Senai.Sstop.WebApi.csproj", "{4EF35A1F-F4DA-4AF0-BBB4-E6BFC8ECD56C}"
EndProject
Global
	GlobalSection(SolutionConfigurationPlatforms) = preSolution
		Debug|Any CPU = Debug|Any CPU
		Release|Any CPU = Release|Any CPU
	EndGlobalSection
	GlobalSection(ProjectConfigurationPlatforms) = postSolution
		{4EF35A1F-F4DA-4AF0-BBB4-E6BFC8ECD56C}.Debug|Any CPU.ActiveCfg = Debug|Any CPU
		{4EF35A1F-F4DA-4AF0-BBB4-E6BFC8ECD56C}.Debug|Any CPU.Build.0 = Debug|Any CPU
		{4EF35A1F-F4DA-4AF0-BBB4-E6BFC8ECD56C}.Release|Any CPU.ActiveCfg = Release|Any CPU
		{4EF35A1F-F4DA-4AF0-BBB4-E6BFC8ECD56C}.Release|Any CPU.Build.0 = Release|Any CPU
	EndGlobalSection
	GlobalSection(SolutionProperties) = preSolution
		HideSolutionNode = FALSE
	EndGlobalSection
	GlobalSection(ExtensibilityGlobals) = postSolution
		SolutionGuid = {8FAA1AED-BED6-456B-AFA8-87330283D5F4}
	EndGlobalSection
EndGlobal
