
Microsoft Visual Studio Solution File, Format Version 12.00
# Visual Studio 15
VisualStudioVersion = 15.0.28307.757
MinimumVisualStudioVersion = 10.0.40219.1
Project("{FAE04EC0-301F-11D3-BF4B-00C04F79EFBC}") = "Senai.Optus.WebAPI", "Senai.Optus.WebAPI\Senai.Optus.WebAPI.csproj", "{47594EE2-82E9-4648-9C32-7FAE3690B7A2}"
EndProject
Global
	GlobalSection(SolutionConfigurationPlatforms) = preSolution
		Debug|Any CPU = Debug|Any CPU
		Release|Any CPU = Release|Any CPU
	EndGlobalSection
	GlobalSection(ProjectConfigurationPlatforms) = postSolution
		{47594EE2-82E9-4648-9C32-7FAE3690B7A2}.Debug|Any CPU.ActiveCfg = Debug|Any CPU
		{47594EE2-82E9-4648-9C32-7FAE3690B7A2}.Debug|Any CPU.Build.0 = Debug|Any CPU
		{47594EE2-82E9-4648-9C32-7FAE3690B7A2}.Release|Any CPU.ActiveCfg = Release|Any CPU
		{47594EE2-82E9-4648-9C32-7FAE3690B7A2}.Release|Any CPU.Build.0 = Release|Any CPU
	EndGlobalSection
	GlobalSection(SolutionProperties) = preSolution
		HideSolutionNode = FALSE
	EndGlobalSection
	GlobalSection(ExtensibilityGlobals) = postSolution
		SolutionGuid = {525041AE-D6B6-4A83-99C2-BF08E6F4C17D}
	EndGlobalSection
EndGlobal
